
Microsoft Visual Studio Solution File, Format Version 12.00
# Visual Studio 15
VisualStudioVersion = 15.0.28010.2046
MinimumVisualStudioVersion = 10.0.40219.1
Project("{FAE04EC0-301F-11D3-BF4B-00C04F79EFBC}") = "hw4", "hw4\hw4.csproj", "{BDA32B1F-2E99-4B39-88C3-FEFDE3CE1A58}"
EndProject
Global
	GlobalSection(SolutionConfigurationPlatforms) = preSolution
		Debug|Any CPU = Debug|Any CPU
		Release|Any CPU = Release|Any CPU
	EndGlobalSection
	GlobalSection(ProjectConfigurationPlatforms) = postSolution
		{BDA32B1F-2E99-4B39-88C3-FEFDE3CE1A58}.Debug|Any CPU.ActiveCfg = Debug|Any CPU
		{BDA32B1F-2E99-4B39-88C3-FEFDE3CE1A58}.Debug|Any CPU.Build.0 = Debug|Any CPU
		{BDA32B1F-2E99-4B39-88C3-FEFDE3CE1A58}.Release|Any CPU.ActiveCfg = Release|Any CPU
		{BDA32B1F-2E99-4B39-88C3-FEFDE3CE1A58}.Release|Any CPU.Build.0 = Release|Any CPU
	EndGlobalSection
	GlobalSection(SolutionProperties) = preSolution
		HideSolutionNode = FALSE
	EndGlobalSection
	GlobalSection(ExtensibilityGlobals) = postSolution
		SolutionGuid = {56E4EED1-5DF6-481E-817E-AAC4D568E7A8}
	EndGlobalSection
EndGlobal
